
Microsoft Visual Studio Solution File, Format Version 12.00
# Visual Studio Version 16
VisualStudioVersion = 16.0.29418.71
MinimumVisualStudioVersion = 10.0.40219.1
Project("{FAE04EC0-301F-11D3-BF4B-00C04F79EFBC}") = "586", "586\586.csproj", "{B9D9D552-ECB9-44C1-9F64-74E122219DE7}"
EndProject
Global
	GlobalSection(SolutionConfigurationPlatforms) = preSolution
		Debug|Any CPU = Debug|Any CPU
		Release|Any CPU = Release|Any CPU
	EndGlobalSection
	GlobalSection(ProjectConfigurationPlatforms) = postSolution
		{B9D9D552-ECB9-44C1-9F64-74E122219DE7}.Debug|Any CPU.ActiveCfg = Debug|Any CPU
		{B9D9D552-ECB9-44C1-9F64-74E122219DE7}.Debug|Any CPU.Build.0 = Debug|Any CPU
		{B9D9D552-ECB9-44C1-9F64-74E122219DE7}.Release|Any CPU.ActiveCfg = Release|Any CPU
		{B9D9D552-ECB9-44C1-9F64-74E122219DE7}.Release|Any CPU.Build.0 = Release|Any CPU
	EndGlobalSection
	GlobalSection(SolutionProperties) = preSolution
		HideSolutionNode = FALSE
	EndGlobalSection
	GlobalSection(ExtensibilityGlobals) = postSolution
		SolutionGuid = {43337A2B-3989-47EC-A10C-C616B56F0A3D}
	EndGlobalSection
EndGlobal
